PODS:
  - HBFastTable (0.2.0):
    - MJRefresh (~> 2.2.0)
  - MJRefresh (2.2.1)

DEPENDENCIES:
  - HBFastTable (from `https://github.com/Natoto/HBFastTableViewCotroller.git`)

EXTERNAL SOURCES:
  HBFastTable:
    :git: https://github.com/Natoto/HBFastTableViewCotroller.git

CHECKOUT OPTIONS:
  HBFastTable:
    :commit: e28773541af2275a514aded1fc29958b1fe4570b
    :git: https://github.com/Natoto/HBFastTableViewCotroller.git

SPEC CHECKSUMS:
  HBFastTable: 6c74dd3d30e834f3b614560b158cd07783fee392
  MJRefresh: c3fa0387e8e97a11a9666639d2f815607edd1c2f

COCOAPODS: 0.37.1
