// !$*UTF8*$!
{
	archiveVersion = 1;
	classes = {
	};
	objectVersion = 46;
	objects = {

/* Begin PBXBuildFile section */
		184130A31B79DF4A002AB4C0 /* main.m in Sources */ = {isa = PBXBuildFile; fileRef = 184130A21B79DF4A002AB4C0 /* main.m */; };
		184130A61B79DF4A002AB4C0 /* AppDelegate.m in Sources */ = {isa = PBXBuildFile; fileRef = 184130A51B79DF4A002AB4C0 /* AppDelegate.m */; };
		184130A91B79DF4A002AB4C0 /* ViewController.m in Sources */ = {isa = PBXBuildFile; fileRef = 184130A81B79DF4A002AB4C0 /* ViewController.m */; };
		184130AC1B79DF4A002AB4C0 /* Main.storyboard in Resources */ = {isa = PBXBuildFile; fileRef = 184130AA1B79DF4A002AB4C0 /* Main.storyboard */; };
		184130AE1B79DF4A002AB4C0 /* Images.xcassets in Resources */ = {isa = PBXBuildFile; fileRef = 184130AD1B79DF4A002AB4C0 /* Images.xcassets */; };
		184130B11B79DF4A002AB4C0 /* LaunchScreen.xib in Resources */ = {isa = PBXBuildFile; fileRef = 184130AF1B79DF4A002AB4C0 /* LaunchScreen.xib */; };
		184130BD1B79DF4A002AB4C0 /* demoTests.m in Sources */ = {isa = PBXBuildFile; fileRef = 184130BC1B79DF4A002AB4C0 /* demoTests.m */; };
		18678F471B79E8240062A073 /* TESTSystyleviewController.m in Sources */ = {isa = PBXBuildFile; fileRef = 18678F461B79E8240062A073 /* TESTSystyleviewController.m */; };
		18678F491B79EABA0062A073 /* profile.png in Resources */ = {isa = PBXBuildFile; fileRef = 18678F481B79EABA0062A073 /* profile.png */; };
		18678F4C1B79ED6A0062A073 /* TESTXIBViewController.m in Sources */ = {isa = PBXBuildFile; fileRef = 18678F4B1B79ED6A0062A073 /* TESTXIBViewController.m */; };
		18678F551B79EEDE0062A073 /* CF_CrowdFoundHeaderCell.m in Sources */ = {isa = PBXBuildFile; fileRef = 18678F531B79EEDE0062A073 /* CF_CrowdFoundHeaderCell.m */; };
		18678F561B79EEDE0062A073 /* CF_CrowdFoundHeaderCell.xib in Resources */ = {isa = PBXBuildFile; fileRef = 18678F541B79EEDE0062A073 /* CF_CrowdFoundHeaderCell.xib */; };
		18678F5A1B79EEF10062A073 /* CF_SupporterTableViewCell.m in Sources */ = {isa = PBXBuildFile; fileRef = 18678F581B79EEF10062A073 /* CF_SupporterTableViewCell.m */; };
		18678F5B1B79EEF10062A073 /* CF_SupporterTableViewCell.xib in Resources */ = {isa = PBXBuildFile; fileRef = 18678F591B79EEF10062A073 /* CF_SupporterTableViewCell.xib */; };
		18678F5D1B79EF230062A073 /* beauty.png in Resources */ = {isa = PBXBuildFile; fileRef = 18678F5C1B79EF230062A073 /* beauty.png */; };
		18678F601B7A09DD0062A073 /* TESTAutoHeightViewController.m in Sources */ = {isa = PBXBuildFile; fileRef = 18678F5F1B7A09DD0062A073 /* TESTAutoHeightViewController.m */; };
		18678F631B7A115B0062A073 /* TESTRefreshViewController.m in Sources */ = {isa = PBXBuildFile; fileRef = 18678F621B7A115B0062A073 /* TESTRefreshViewController.m */; };
		339E0DB81C1E6F8F00035B65 /* TESTCollectionViewController.m in Sources */ = {isa = PBXBuildFile; fileRef = 339E0DB71C1E6F8F00035B65 /* TESTCollectionViewController.m */; };
		339E0DC11C1E78FF00035B65 /* TestCollectionViewCell.m in Sources */ = {isa = PBXBuildFile; fileRef = 339E0DBF1C1E78FF00035B65 /* TestCollectionViewCell.m */; };
		339E0DC21C1E78FF00035B65 /* TestCollectionViewCell.xib in Resources */ = {isa = PBXBuildFile; fileRef = 339E0DC01C1E78FF00035B65 /* TestCollectionViewCell.xib */; };
		339E0DDE1C1E94AE00035B65 /* CELL_STRUCT.m in Sources */ = {isa = PBXBuildFile; fileRef = 339E0DC91C1E94AE00035B65 /* CELL_STRUCT.m */; };
		339E0DDF1C1E94AE00035B65 /* CELL_STRUCT_Common.m in Sources */ = {isa = PBXBuildFile; fileRef = 339E0DCB1C1E94AE00035B65 /* CELL_STRUCT_Common.m */; };
		339E0DE01C1E94AE00035B65 /* CELL_STRUCT_KVO.m in Sources */ = {isa = PBXBuildFile; fileRef = 339E0DCE1C1E94AE00035B65 /* CELL_STRUCT_KVO.m */; };
		339E0DE11C1E94AE00035B65 /* HBBaseCollectionViewCell.m in Sources */ = {isa = PBXBuildFile; fileRef = 339E0DD01C1E94AE00035B65 /* HBBaseCollectionViewCell.m */; };
		339E0DE21C1E94AE00035B65 /* HBBaseCollectionViewController.m in Sources */ = {isa = PBXBuildFile; fileRef = 339E0DD21C1E94AE00035B65 /* HBBaseCollectionViewController.m */; };
		339E0DE31C1E94AE00035B65 /* HBBaseTableViewCell.m in Sources */ = {isa = PBXBuildFile; fileRef = 339E0DD41C1E94AE00035B65 /* HBBaseTableViewCell.m */; };
		339E0DE41C1E94AE00035B65 /* HBBaseTableViewController.m in Sources */ = {isa = PBXBuildFile; fileRef = 339E0DD61C1E94AE00035B65 /* HBBaseTableViewController.m */; };
		339E0DE51C1E94AE00035B65 /* HBBaseViewController.m in Sources */ = {isa = PBXBuildFile; fileRef = 339E0DD81C1E94AE00035B65 /* HBBaseViewController.m */; };
		339E0DE61C1E94AE00035B65 /* HBCollectionFallFLayout.m in Sources */ = {isa = PBXBuildFile; fileRef = 339E0DDA1C1E94AE00035B65 /* HBCollectionFallFLayout.m */; };
		339E0DE71C1E94AE00035B65 /* UIButton+PENG.m in Sources */ = {isa = PBXBuildFile; fileRef = 339E0DDD1C1E94AE00035B65 /* UIButton+PENG.m */; };
		33B63B0F1C337AF400F1CF34 /* TestSectionCollectionReusableView.m in Sources */ = {isa = PBXBuildFile; fileRef = 33B63B0D1C337AF400F1CF34 /* TestSectionCollectionReusableView.m */; };
		33B63B101C337AF400F1CF34 /* TestSectionCollectionReusableView.xib in Resources */ = {isa = PBXBuildFile; fileRef = 33B63B0E1C337AF400F1CF34 /* TestSectionCollectionReusableView.xib */; };
		33B63B131C33A54000F1CF34 /* TEST2CollectionReusableView.m in Sources */ = {isa = PBXBuildFile; fileRef = 33B63B121C33A54000F1CF34 /* TEST2CollectionReusableView.m */; };
		5154282E333DB6FB31B053AC /* libPods.a in Frameworks */ = {isa = PBXBuildFile; fileRef = 47243643C8635681725F3A66 /* libPods.a */; };
		78EE98601C2AC6AB004C97A9 /* NormalTableViewController.m in Sources */ = {isa = PBXBuildFile; fileRef = 78EE985F1C2AC6AB004C97A9 /* NormalTableViewController.m */; };
		78EE98631C2ACCCF004C97A9 /* NormalCollectionViewController.m in Sources */ = {isa = PBXBuildFile; fileRef = 78EE98621C2ACCCF004C97A9 /* NormalCollectionViewController.m */; };
/* End PBXBuildFile section */

/* Begin PBXContainerItemProxy section */
		184130B71B79DF4A002AB4C0 /* PBXContainerItemProxy */ = {
			isa = PBXContainerItemProxy;
			containerPortal = 184130951B79DF49002AB4C0 /* Project object */;
			proxyType = 1;
			remoteGlobalIDString = 1841309C1B79DF4A002AB4C0;
			remoteInfo = demo;
		};
/* End PBXContainerItemProxy section */

/* Begin PBXFileReference section */
		1841309D1B79DF4A002AB4C0 /* demo.app */ = {isa = PBXFileReference; explicitFileType = wrapper.application; includeInIndex = 0; path = demo.app; sourceTree = BUILT_PRODUCTS_DIR; };
		184130A11B79DF4A002AB4C0 /* Info.plist */ = {isa = PBXFileReference; lastKnownFileType = text.plist.xml; path = Info.plist; sourceTree = "<group>"; };
		184130A21B79DF4A002AB4C0 /* main.m */ = {isa = PBXFileReference; lastKnownFileType = sourcecode.c.objc; path = main.m; sourceTree = "<group>"; };
		184130A41B79DF4A002AB4C0 /* AppDelegate.h */ = {isa = PBXFileReference; lastKnownFileType = sourcecode.c.h; path = AppDelegate.h; sourceTree = "<group>"; };
		184130A51B79DF4A002AB4C0 /* AppDelegate.m */ = {isa = PBXFileReference; lastKnownFileType = sourcecode.c.objc; path = AppDelegate.m; sourceTree = "<group>"; };
		184130A71B79DF4A002AB4C0 /* ViewController.h */ = {isa = PBXFileReference; lastKnownFileType = sourcecode.c.h; path = ViewController.h; sourceTree = "<group>"; };
		184130A81B79DF4A002AB4C0 /* ViewController.m */ = {isa = PBXFileReference; lastKnownFileType = sourcecode.c.objc; path = ViewController.m; sourceTree = "<group>"; };
		184130AB1B79DF4A002AB4C0 /* Base */ = {isa = PBXFileReference; lastKnownFileType = file.storyboard; name = Base; path = Base.lproj/Main.storyboard; sourceTree = "<group>"; };
		184130AD1B79DF4A002AB4C0 /* Images.xcassets */ = {isa = PBXFileReference; lastKnownFileType = folder.assetcatalog; path = Images.xcassets; sourceTree = "<group>"; };
		184130B01B79DF4A002AB4C0 /* Base */ = {isa = PBXFileReference; lastKnownFileType = file.xib; name = Base; path = Base.lproj/LaunchScreen.xib; sourceTree = "<group>"; };
		184130B61B79DF4A002AB4C0 /* demoTests.xctest */ = {isa = PBXFileReference; explicitFileType = wrapper.cfbundle; includeInIndex = 0; path = demoTests.xctest; sourceTree = BUILT_PRODUCTS_DIR; };
		184130BB1B79DF4A002AB4C0 /* Info.plist */ = {isa = PBXFileReference; lastKnownFileType = text.plist.xml; path = Info.plist; sourceTree = "<group>"; };
		184130BC1B79DF4A002AB4C0 /* demoTests.m */ = {isa = PBXFileReference; lastKnownFileType = sourcecode.c.objc; path = demoTests.m; sourceTree = "<group>"; };
		18678F451B79E8240062A073 /* TESTSystyleviewController.h */ = {isa = PBXFileReference; fileEncoding = 4; lastKnownFileType = sourcecode.c.h; path = TESTSystyleviewController.h; sourceTree = "<group>"; };
		18678F461B79E8240062A073 /* TESTSystyleviewController.m */ = {isa = PBXFileReference; fileEncoding = 4; lastKnownFileType = sourcecode.c.objc; path = TESTSystyleviewController.m; sourceTree = "<group>"; };
		18678F481B79EABA0062A073 /* profile.png */ = {isa = PBXFileReference; lastKnownFileType = image.png; path = profile.png; sourceTree = "<group>"; };
		18678F4A1B79ED6A0062A073 /* TESTXIBViewController.h */ = {isa = PBXFileReference; fileEncoding = 4; lastKnownFileType = sourcecode.c.h; path = TESTXIBViewController.h; sourceTree = "<group>"; };
		18678F4B1B79ED6A0062A073 /* TESTXIBViewController.m */ = {isa = PBXFileReference; fileEncoding = 4; lastKnownFileType = sourcecode.c.objc; path = TESTXIBViewController.m; sourceTree = "<group>"; };
		18678F521B79EEDE0062A073 /* CF_CrowdFoundHeaderCell.h */ = {isa = PBXFileReference; fileEncoding = 4; lastKnownFileType = sourcecode.c.h; path = CF_CrowdFoundHeaderCell.h; sourceTree = "<group>"; };
		18678F531B79EEDE0062A073 /* CF_CrowdFoundHeaderCell.m */ = {isa = PBXFileReference; fileEncoding = 4; lastKnownFileType = sourcecode.c.objc; path = CF_CrowdFoundHeaderCell.m; sourceTree = "<group>"; };
		18678F541B79EEDE0062A073 /* CF_CrowdFoundHeaderCell.xib */ = {isa = PBXFileReference; fileEncoding = 4; lastKnownFileType = file.xib; path = CF_CrowdFoundHeaderCell.xib; sourceTree = "<group>"; };
		18678F571B79EEF10062A073 /* CF_SupporterTableViewCell.h */ = {isa = PBXFileReference; fileEncoding = 4; lastKnownFileType = sourcecode.c.h; path = CF_SupporterTableViewCell.h; sourceTree = "<group>"; };
		18678F581B79EEF10062A073 /* CF_SupporterTableViewCell.m */ = {isa = PBXFileReference; fileEncoding = 4; lastKnownFileType = sourcecode.c.objc; path = CF_SupporterTableViewCell.m; sourceTree = "<group>"; };
		18678F591B79EEF10062A073 /* CF_SupporterTableViewCell.xib */ = {isa = PBXFileReference; fileEncoding = 4; lastKnownFileType = file.xib; path = CF_SupporterTableViewCell.xib; sourceTree = "<group>"; };
		18678F5C1B79EF230062A073 /* beauty.png */ = {isa = PBXFileReference; lastKnownFileType = image.png; path = beauty.png; sourceTree = "<group>"; };
		18678F5E1B7A09DD0062A073 /* TESTAutoHeightViewController.h */ = {isa = PBXFileReference; fileEncoding = 4; lastKnownFileType = sourcecode.c.h; path = TESTAutoHeightViewController.h; sourceTree = "<group>"; };
		18678F5F1B7A09DD0062A073 /* TESTAutoHeightViewController.m */ = {isa = PBXFileReference; fileEncoding = 4; lastKnownFileType = sourcecode.c.objc; path = TESTAutoHeightViewController.m; sourceTree = "<group>"; };
		18678F611B7A115B0062A073 /* TESTRefreshViewController.h */ = {isa = PBXFileReference; fileEncoding = 4; lastKnownFileType = sourcecode.c.h; path = TESTRefreshViewController.h; sourceTree = "<group>"; };
		18678F621B7A115B0062A073 /* TESTRefreshViewController.m */ = {isa = PBXFileReference; fileEncoding = 4; lastKnownFileType = sourcecode.c.objc; path = TESTRefreshViewController.m; sourceTree = "<group>"; };
		339E0DB61C1E6F8F00035B65 /* TESTCollectionViewController.h */ = {isa = PBXFileReference; fileEncoding = 4; lastKnownFileType = sourcecode.c.h; path = TESTCollectionViewController.h; sourceTree = "<group>"; };
		339E0DB71C1E6F8F00035B65 /* TESTCollectionViewController.m */ = {isa = PBXFileReference; fileEncoding = 4; lastKnownFileType = sourcecode.c.objc; path = TESTCollectionViewController.m; sourceTree = "<group>"; };
		339E0DBE1C1E78FF00035B65 /* TestCollectionViewCell.h */ = {isa = PBXFileReference; fileEncoding = 4; lastKnownFileType = sourcecode.c.h; path = TestCollectionViewCell.h; sourceTree = "<group>"; };
		339E0DBF1C1E78FF00035B65 /* TestCollectionViewCell.m */ = {isa = PBXFileReference; fileEncoding = 4; lastKnownFileType = sourcecode.c.objc; path = TestCollectionViewCell.m; sourceTree = "<group>"; };
		339E0DC01C1E78FF00035B65 /* TestCollectionViewCell.xib */ = {isa = PBXFileReference; fileEncoding = 4; lastKnownFileType = file.xib; path = TestCollectionViewCell.xib; sourceTree = "<group>"; };
		339E0DC81C1E94AE00035B65 /* CELL_STRUCT.h */ = {isa = PBXFileReference; fileEncoding = 4; lastKnownFileType = sourcecode.c.h; path = CELL_STRUCT.h; sourceTree = "<group>"; };
		339E0DC91C1E94AE00035B65 /* CELL_STRUCT.m */ = {isa = PBXFileReference; fileEncoding = 4; lastKnownFileType = sourcecode.c.objc; path = CELL_STRUCT.m; sourceTree = "<group>"; };
		339E0DCA1C1E94AE00035B65 /* CELL_STRUCT_Common.h */ = {isa = PBXFileReference; fileEncoding = 4; lastKnownFileType = sourcecode.c.h; path = CELL_STRUCT_Common.h; sourceTree = "<group>"; };
		339E0DCB1C1E94AE00035B65 /* CELL_STRUCT_Common.m */ = {isa = PBXFileReference; fileEncoding = 4; lastKnownFileType = sourcecode.c.objc; path = CELL_STRUCT_Common.m; sourceTree = "<group>"; };
		339E0DCC1C1E94AE00035B65 /* CELL_STRUCT_KEY.h */ = {isa = PBXFileReference; fileEncoding = 4; lastKnownFileType = sourcecode.c.h; path = CELL_STRUCT_KEY.h; sourceTree = "<group>"; };
		339E0DCD1C1E94AE00035B65 /* CELL_STRUCT_KVO.h */ = {isa = PBXFileReference; fileEncoding = 4; lastKnownFileType = sourcecode.c.h; path = CELL_STRUCT_KVO.h; sourceTree = "<group>"; };
		339E0DCE1C1E94AE00035B65 /* CELL_STRUCT_KVO.m */ = {isa = PBXFileReference; fileEncoding = 4; lastKnownFileType = sourcecode.c.objc; path = CELL_STRUCT_KVO.m; sourceTree = "<group>"; };
		339E0DCF1C1E94AE00035B65 /* HBBaseCollectionViewCell.h */ = {isa = PBXFileReference; fileEncoding = 4; lastKnownFileType = sourcecode.c.h; path = HBBaseCollectionViewCell.h; sourceTree = "<group>"; };
		339E0DD01C1E94AE00035B65 /* HBBaseCollectionViewCell.m */ = {isa = PBXFileReference; fileEncoding = 4; lastKnownFileType = sourcecode.c.objc; path = HBBaseCollectionViewCell.m; sourceTree = "<group>"; };
		339E0DD11C1E94AE00035B65 /* HBBaseCollectionViewController.h */ = {isa = PBXFileReference; fileEncoding = 4; lastKnownFileType = sourcecode.c.h; path = HBBaseCollectionViewController.h; sourceTree = "<group>"; };
		339E0DD21C1E94AE00035B65 /* HBBaseCollectionViewController.m */ = {isa = PBXFileReference; fileEncoding = 4; lastKnownFileType = sourcecode.c.objc; path = HBBaseCollectionViewController.m; sourceTree = "<group>"; };
		339E0DD31C1E94AE00035B65 /* HBBaseTableViewCell.h */ = {isa = PBXFileReference; fileEncoding = 4; lastKnownFileType = sourcecode.c.h; path = HBBaseTableViewCell.h; sourceTree = "<group>"; };
		339E0DD41C1E94AE00035B65 /* HBBaseTableViewCell.m */ = {isa = PBXFileReference; fileEncoding = 4; lastKnownFileType = sourcecode.c.objc; path = HBBaseTableViewCell.m; sourceTree = "<group>"; };
		339E0DD51C1E94AE00035B65 /* HBBaseTableViewController.h */ = {isa = PBXFileReference; fileEncoding = 4; lastKnownFileType = sourcecode.c.h; path = HBBaseTableViewController.h; sourceTree = "<group>"; };
		339E0DD61C1E94AE00035B65 /* HBBaseTableViewController.m */ = {isa = PBXFileReference; fileEncoding = 4; lastKnownFileType = sourcecode.c.objc; path = HBBaseTableViewController.m; sourceTree = "<group>"; };
		339E0DD71C1E94AE00035B65 /* HBBaseViewController.h */ = {isa = PBXFileReference; fileEncoding = 4; lastKnownFileType = sourcecode.c.h; path = HBBaseViewController.h; sourceTree = "<group>"; };
		339E0DD81C1E94AE00035B65 /* HBBaseViewController.m */ = {isa = PBXFileReference; fileEncoding = 4; lastKnownFileType = sourcecode.c.objc; path = HBBaseViewController.m; sourceTree = "<group>"; };
		339E0DD91C1E94AE00035B65 /* HBCollectionFallFLayout.h */ = {isa = PBXFileReference; fileEncoding = 4; lastKnownFileType = sourcecode.c.h; path = HBCollectionFallFLayout.h; sourceTree = "<group>"; };
		339E0DDA1C1E94AE00035B65 /* HBCollectionFallFLayout.m */ = {isa = PBXFileReference; fileEncoding = 4; lastKnownFileType = sourcecode.c.objc; path = HBCollectionFallFLayout.m; sourceTree = "<group>"; };
		339E0DDB1C1E94AE00035B65 /* HBKit.h */ = {isa = PBXFileReference; fileEncoding = 4; lastKnownFileType = sourcecode.c.h; path = HBKit.h; sourceTree = "<group>"; };
		339E0DDC1C1E94AE00035B65 /* UIButton+PENG.h */ = {isa = PBXFileReference; fileEncoding = 4; lastKnownFileType = sourcecode.c.h; path = "UIButton+PENG.h"; sourceTree = "<group>"; };
		339E0DDD1C1E94AE00035B65 /* UIButton+PENG.m */ = {isa = PBXFileReference; fileEncoding = 4; lastKnownFileType = sourcecode.c.objc; path = "UIButton+PENG.m"; sourceTree = "<group>"; };
		33B63B0C1C337AF400F1CF34 /* TestSectionCollectionReusableView.h */ = {isa = PBXFileReference; fileEncoding = 4; lastKnownFileType = sourcecode.c.h; path = TestSectionCollectionReusableView.h; sourceTree = "<group>"; };
		33B63B0D1C337AF400F1CF34 /* TestSectionCollectionReusableView.m */ = {isa = PBXFileReference; fileEncoding = 4; lastKnownFileType = sourcecode.c.objc; path = TestSectionCollectionReusableView.m; sourceTree = "<group>"; };
		33B63B0E1C337AF400F1CF34 /* TestSectionCollectionReusableView.xib */ = {isa = PBXFileReference; fileEncoding = 4; lastKnownFileType = file.xib; path = TestSectionCollectionReusableView.xib; sourceTree = "<group>"; };
		33B63B111C33A54000F1CF34 /* TEST2CollectionReusableView.h */ = {isa = PBXFileReference; fileEncoding = 4; lastKnownFileType = sourcecode.c.h; path = TEST2CollectionReusableView.h; sourceTree = "<group>"; };
		33B63B121C33A54000F1CF34 /* TEST2CollectionReusableView.m */ = {isa = PBXFileReference; fileEncoding = 4; lastKnownFileType = sourcecode.c.objc; path = TEST2CollectionReusableView.m; sourceTree = "<group>"; };
		47243643C8635681725F3A66 /* libPods.a */ = {isa = PBXFileReference; explicitFileType = archive.ar; includeInIndex = 0; path = libPods.a; sourceTree = BUILT_PRODUCTS_DIR; };
		78EE985E1C2AC6AB004C97A9 /* NormalTableViewController.h */ = {isa = PBXFileReference; fileEncoding = 4; lastKnownFileType = sourcecode.c.h; path = NormalTableViewController.h; sourceTree = "<group>"; };
		78EE985F1C2AC6AB004C97A9 /* NormalTableViewController.m */ = {isa = PBXFileReference; fileEncoding = 4; lastKnownFileType = sourcecode.c.objc; path = NormalTableViewController.m; sourceTree = "<group>"; };
		78EE98611C2ACCCF004C97A9 /* NormalCollectionViewController.h */ = {isa = PBXFileReference; fileEncoding = 4; lastKnownFileType = sourcecode.c.h; path = NormalCollectionViewController.h; sourceTree = "<group>"; };
		78EE98621C2ACCCF004C97A9 /* NormalCollectionViewController.m */ = {isa = PBXFileReference; fileEncoding = 4; lastKnownFileType = sourcecode.c.objc; path = NormalCollectionViewController.m; sourceTree = "<group>"; };
		AA8C334F8F9913F1207427FD /* Pods.debug.xcconfig */ = {isa = PBXFileReference; includeInIndex = 1; lastKnownFileType = text.xcconfig; name = Pods.debug.xcconfig; path = "Pods/Target Support Files/Pods/Pods.debug.xcconfig"; sourceTree = "<group>"; };
		BAD90533045FAC1328C1175F /* Pods.release.xcconfig */ = {isa = PBXFileReference; includeInIndex = 1; lastKnownFileType = text.xcconfig; name = Pods.release.xcconfig; path = "Pods/Target Support Files/Pods/Pods.release.xcconfig"; sourceTree = "<group>"; };
/* End PBXFileReference section */

/* Begin PBXFrameworksBuildPhase section */
		1841309A1B79DF4A002AB4C0 /* Frameworks */ = {
			isa = PBXFrameworksBuildPhase;
			buildActionMask = 2147483647;
			files = (
				5154282E333DB6FB31B053AC /* libPods.a in Frameworks */,
			);
			runOnlyForDeploymentPostprocessing = 0;
		};
		184130B31B79DF4A002AB4C0 /* Frameworks */ = {
			isa = PBXFrameworksBuildPhase;
			buildActionMask = 2147483647;
			files = (
			);
			runOnlyForDeploymentPostprocessing = 0;
		};
/* End PBXFrameworksBuildPhase section */

/* Begin PBXGroup section */
		184130941B79DF49002AB4C0 = {
			isa = PBXGroup;
			children = (
				1841309F1B79DF4A002AB4C0 /* demo */,
				184130B91B79DF4A002AB4C0 /* demoTests */,
				1841309E1B79DF4A002AB4C0 /* Products */,
				D16DBC8AEE4E9705E0F362E0 /* Pods */,
				9ACE7B77D01F4B286050C2D4 /* Frameworks */,
			);
			sourceTree = "<group>";
		};
		1841309E1B79DF4A002AB4C0 /* Products */ = {
			isa = PBXGroup;
			children = (
				1841309D1B79DF4A002AB4C0 /* demo.app */,
				184130B61B79DF4A002AB4C0 /* demoTests.xctest */,
			);
			name = Products;
			sourceTree = "<group>";
		};
		1841309F1B79DF4A002AB4C0 /* demo */ = {
			isa = PBXGroup;
			children = (
				339E0DC71C1E94AE00035B65 /* HBKit */,
				184130A41B79DF4A002AB4C0 /* AppDelegate.h */,
				184130A51B79DF4A002AB4C0 /* AppDelegate.m */,
				184130A71B79DF4A002AB4C0 /* ViewController.h */,
				184130A81B79DF4A002AB4C0 /* ViewController.m */,
				78EE985E1C2AC6AB004C97A9 /* NormalTableViewController.h */,
				78EE985F1C2AC6AB004C97A9 /* NormalTableViewController.m */,
				78EE98611C2ACCCF004C97A9 /* NormalCollectionViewController.h */,
				78EE98621C2ACCCF004C97A9 /* NormalCollectionViewController.m */,
				18678F451B79E8240062A073 /* TESTSystyleviewController.h */,
				18678F461B79E8240062A073 /* TESTSystyleviewController.m */,
				18678F4A1B79ED6A0062A073 /* TESTXIBViewController.h */,
				18678F4B1B79ED6A0062A073 /* TESTXIBViewController.m */,
				18678F5E1B7A09DD0062A073 /* TESTAutoHeightViewController.h */,
				18678F5F1B7A09DD0062A073 /* TESTAutoHeightViewController.m */,
				18678F611B7A115B0062A073 /* TESTRefreshViewController.h */,
				18678F621B7A115B0062A073 /* TESTRefreshViewController.m */,
				339E0DB61C1E6F8F00035B65 /* TESTCollectionViewController.h */,
				339E0DB71C1E6F8F00035B65 /* TESTCollectionViewController.m */,
				33B63B111C33A54000F1CF34 /* TEST2CollectionReusableView.h */,
				33B63B121C33A54000F1CF34 /* TEST2CollectionReusableView.m */,
				33B63B0C1C337AF400F1CF34 /* TestSectionCollectionReusableView.h */,
				33B63B0D1C337AF400F1CF34 /* TestSectionCollectionReusableView.m */,
				33B63B0E1C337AF400F1CF34 /* TestSectionCollectionReusableView.xib */,
				18678F521B79EEDE0062A073 /* CF_CrowdFoundHeaderCell.h */,
				18678F531B79EEDE0062A073 /* CF_CrowdFoundHeaderCell.m */,
				18678F541B79EEDE0062A073 /* CF_CrowdFoundHeaderCell.xib */,
				18678F571B79EEF10062A073 /* CF_SupporterTableViewCell.h */,
				18678F581B79EEF10062A073 /* CF_SupporterTableViewCell.m */,
				18678F591B79EEF10062A073 /* CF_SupporterTableViewCell.xib */,
				339E0DBE1C1E78FF00035B65 /* TestCollectionViewCell.h */,
				339E0DBF1C1E78FF00035B65 /* TestCollectionViewCell.m */,
				339E0DC01C1E78FF00035B65 /* TestCollectionViewCell.xib */,
				184130AA1B79DF4A002AB4C0 /* Main.storyboard */,
				184130AD1B79DF4A002AB4C0 /* Images.xcassets */,
				184130AF1B79DF4A002AB4C0 /* LaunchScreen.xib */,
				184130A01B79DF4A002AB4C0 /* Supporting Files */,
			);
			path = demo;
			sourceTree = "<group>";
		};
		184130A01B79DF4A002AB4C0 /* Supporting Files */ = {
			isa = PBXGroup;
			children = (
				18678F5C1B79EF230062A073 /* beauty.png */,
				18678F481B79EABA0062A073 /* profile.png */,
				184130A11B79DF4A002AB4C0 /* Info.plist */,
				184130A21B79DF4A002AB4C0 /* main.m */,
			);
			name = "Supporting Files";
			sourceTree = "<group>";
		};
		184130B91B79DF4A002AB4C0 /* demoTests */ = {
			isa = PBXGroup;
			children = (
				184130BC1B79DF4A002AB4C0 /* demoTests.m */,
				184130BA1B79DF4A002AB4C0 /* Supporting Files */,
			);
			path = demoTests;
			sourceTree = "<group>";
		};
		184130BA1B79DF4A002AB4C0 /* Supporting Files */ = {
			isa = PBXGroup;
			children = (
				184130BB1B79DF4A002AB4C0 /* Info.plist */,
			);
			name = "Supporting Files";
			sourceTree = "<group>";
		};
		339E0DC71C1E94AE00035B65 /* HBKit */ = {
			isa = PBXGroup;
			children = (
				339E0DC81C1E94AE00035B65 /* CELL_STRUCT.h */,
				339E0DC91C1E94AE00035B65 /* CELL_STRUCT.m */,
				339E0DCA1C1E94AE00035B65 /* CELL_STRUCT_Common.h */,
				339E0DCB1C1E94AE00035B65 /* CELL_STRUCT_Common.m */,
				339E0DCC1C1E94AE00035B65 /* CELL_STRUCT_KEY.h */,
				339E0DCD1C1E94AE00035B65 /* CELL_STRUCT_KVO.h */,
				339E0DCE1C1E94AE00035B65 /* CELL_STRUCT_KVO.m */,
				339E0DCF1C1E94AE00035B65 /* HBBaseCollectionViewCell.h */,
				339E0DD01C1E94AE00035B65 /* HBBaseCollectionViewCell.m */,
				339E0DD11C1E94AE00035B65 /* HBBaseCollectionViewController.h */,
				339E0DD21C1E94AE00035B65 /* HBBaseCollectionViewController.m */,
				339E0DD31C1E94AE00035B65 /* HBBaseTableViewCell.h */,
				339E0DD41C1E94AE00035B65 /* HBBaseTableViewCell.m */,
				339E0DD51C1E94AE00035B65 /* HBBaseTableViewController.h */,
				339E0DD61C1E94AE00035B65 /* HBBaseTableViewController.m */,
				339E0DD71C1E94AE00035B65 /* HBBaseViewController.h */,
				339E0DD81C1E94AE00035B65 /* HBBaseViewController.m */,
				339E0DD91C1E94AE00035B65 /* HBCollectionFallFLayout.h */,
				339E0DDA1C1E94AE00035B65 /* HBCollectionFallFLayout.m */,
				339E0DDB1C1E94AE00035B65 /* HBKit.h */,
				339E0DDC1C1E94AE00035B65 /* UIButton+PENG.h */,
				339E0DDD1C1E94AE00035B65 /* UIButton+PENG.m */,
			);
			name = HBKit;
			path = ../../../HBKit;
			sourceTree = "<group>";
		};
		9ACE7B77D01F4B286050C2D4 /* Frameworks */ = {
			isa = PBXGroup;
			children = (
				47243643C8635681725F3A66 /* libPods.a */,
			);
			name = Frameworks;
			sourceTree = "<group>";
		};
		D16DBC8AEE4E9705E0F362E0 /* Pods */ = {
			isa = PBXGroup;
			children = (
				AA8C334F8F9913F1207427FD /* Pods.debug.xcconfig */,
				BAD90533045FAC1328C1175F /* Pods.release.xcconfig */,
			);
			name = Pods;
			sourceTree = "<group>";
		};
/* End PBXGroup section */

/* Begin PBXNativeTarget section */
		1841309C1B79DF4A002AB4C0 /* demo */ = {
			isa = PBXNativeTarget;
			buildConfigurationList = 184130C01B79DF4A002AB4C0 /* Build configuration list for PBXNativeTarget "demo" */;
			buildPhases = (
				CF6828FEB959769E1C8534CD /* Check Pods Manifest.lock */,
				184130991B79DF4A002AB4C0 /* Sources */,
				1841309A1B79DF4A002AB4C0 /* Frameworks */,
				1841309B1B79DF4A002AB4C0 /* Resources */,
				4DC490534AA93E50438CEE32 /* Copy Pods Resources */,
			);
			buildRules = (
			);
			dependencies = (
			);
			name = demo;
			productName = demo;
			productReference = 1841309D1B79DF4A002AB4C0 /* demo.app */;
			productType = "com.apple.product-type.application";
		};
		184130B51B79DF4A002AB4C0 /* demoTests */ = {
			isa = PBXNativeTarget;
			buildConfigurationList = 184130C31B79DF4A002AB4C0 /* Build configuration list for PBXNativeTarget "demoTests" */;
			buildPhases = (
				184130B21B79DF4A002AB4C0 /* Sources */,
				184130B31B79DF4A002AB4C0 /* Frameworks */,
				184130B41B79DF4A002AB4C0 /* Resources */,
			);
			buildRules = (
			);
			dependencies = (
				184130B81B79DF4A002AB4C0 /* PBXTargetDependency */,
			);
			name = demoTests;
			productName = demoTests;
			productReference = 184130B61B79DF4A002AB4C0 /* demoTests.xctest */;
			productType = "com.apple.product-type.bundle.unit-test";
		};
/* End PBXNativeTarget section */

/* Begin PBXProject section */
		184130951B79DF49002AB4C0 /* Project object */ = {
			isa = PBXProject;
			attributes = {
				LastUpgradeCheck = 0640;
				ORGANIZATIONNAME = nonato;
				TargetAttributes = {
					1841309C1B79DF4A002AB4C0 = {
						CreatedOnToolsVersion = 6.4;
					};
					184130B51B79DF4A002AB4C0 = {
						CreatedOnToolsVersion = 6.4;
						TestTargetID = 1841309C1B79DF4A002AB4C0;
					};
				};
			};
			buildConfigurationList = 184130981B79DF49002AB4C0 /* Build configuration list for PBXProject "demo" */;
			compatibilityVersion = "Xcode 3.2";
			developmentRegion = English;
			hasScannedForEncodings = 0;
			knownRegions = (
				en,
				Base,
			);
			mainGroup = 184130941B79DF49002AB4C0;
			productRefGroup = 1841309E1B79DF4A002AB4C0 /* Products */;
			projectDirPath = "";
			projectRoot = "";
			targets = (
				1841309C1B79DF4A002AB4C0 /* demo */,
				184130B51B79DF4A002AB4C0 /* demoTests */,
			);
		};
/* End PBXProject section */

/* Begin PBXResourcesBuildPhase section */
		1841309B1B79DF4A002AB4C0 /* Resources */ = {
			isa = PBXResourcesBuildPhase;
			buildActionMask = 2147483647;
			files = (
				18678F5B1B79EEF10062A073 /* CF_SupporterTableViewCell.xib in Resources */,
				184130AC1B79DF4A002AB4C0 /* Main.storyboard in Resources */,
				339E0DC21C1E78FF00035B65 /* TestCollectionViewCell.xib in Resources */,
				18678F5D1B79EF230062A073 /* beauty.png in Resources */,
				184130B11B79DF4A002AB4C0 /* LaunchScreen.xib in Resources */,
				18678F561B79EEDE0062A073 /* CF_CrowdFoundHeaderCell.xib in Resources */,
				33B63B101C337AF400F1CF34 /* TestSectionCollectionReusableView.xib in Resources */,
				184130AE1B79DF4A002AB4C0 /* Images.xcassets in Resources */,
				18678F491B79EABA0062A073 /* profile.png in Resources */,
			);
			runOnlyForDeploymentPostprocessing = 0;
		};
		184130B41B79DF4A002AB4C0 /* Resources */ = {
			isa = PBXResourcesBuildPhase;
			buildActionMask = 2147483647;
			files = (
			);
			runOnlyForDeploymentPostprocessing = 0;
		};
/* End PBXResourcesBuildPhase section */

/* Begin PBXShellScriptBuildPhase section */
		4DC490534AA93E50438CEE32 /* Copy Pods Resources */ = {
			isa = PBXShellScriptBuildPhase;
			buildActionMask = 2147483647;
			files = (
			);
			inputPaths = (
			);
			name = "Copy Pods Resources";
			outputPaths = (
			);
			runOnlyForDeploymentPostprocessing = 0;
			shellPath = /bin/sh;
			shellScript = "\"${SRCROOT}/Pods/Target Support Files/Pods/Pods-resources.sh\"\n";
			showEnvVarsInLog = 0;
		};
		CF6828FEB959769E1C8534CD /* Check Pods Manifest.lock */ = {
			isa = PBXShellScriptBuildPhase;
			buildActionMask = 2147483647;
			files = (
			);
			inputPaths = (
			);
			name = "Check Pods Manifest.lock";
			outputPaths = (
			);
			runOnlyForDeploymentPostprocessing = 0;
			shellPath = /bin/sh;
			shellScript = "diff \"${PODS_ROOT}/../Podfile.lock\" \"${PODS_ROOT}/Manifest.lock\" > /dev/null\nif [[ $? != 0 ]] ; then\n    cat << EOM\nerror: The sandbox is not in sync with the Podfile.lock. Run 'pod install' or update your CocoaPods installation.\nEOM\n    exit 1\nfi\n";
			showEnvVarsInLog = 0;
		};
/* End PBXShellScriptBuildPhase section */

/* Begin PBXSourcesBuildPhase section */
		184130991B79DF4A002AB4C0 /* Sources */ = {
			isa = PBXSourcesBuildPhase;
			buildActionMask = 2147483647;
			files = (
				184130A91B79DF4A002AB4C0 /* ViewController.m in Sources */,
				339E0DE61C1E94AE00035B65 /* HBCollectionFallFLayout.m in Sources */,
				339E0DC11C1E78FF00035B65 /* TestCollectionViewCell.m in Sources */,
				339E0DE31C1E94AE00035B65 /* HBBaseTableViewCell.m in Sources */,
				18678F631B7A115B0062A073 /* TESTRefreshViewController.m in Sources */,
				18678F4C1B79ED6A0062A073 /* TESTXIBViewController.m in Sources */,
				339E0DE11C1E94AE00035B65 /* HBBaseCollectionViewCell.m in Sources */,
				339E0DDE1C1E94AE00035B65 /* CELL_STRUCT.m in Sources */,
				339E0DE21C1E94AE00035B65 /* HBBaseCollectionViewController.m in Sources */,
				18678F5A1B79EEF10062A073 /* CF_SupporterTableViewCell.m in Sources */,
				78EE98631C2ACCCF004C97A9 /* NormalCollectionViewController.m in Sources */,
				339E0DB81C1E6F8F00035B65 /* TESTCollectionViewController.m in Sources */,
				339E0DE41C1E94AE00035B65 /* HBBaseTableViewController.m in Sources */,
				339E0DE01C1E94AE00035B65 /* CELL_STRUCT_KVO.m in Sources */,
				339E0DE71C1E94AE00035B65 /* UIButton+PENG.m in Sources */,
				78EE98601C2AC6AB004C97A9 /* NormalTableViewController.m in Sources */,
				18678F601B7A09DD0062A073 /* TESTAutoHeightViewController.m in Sources */,
				184130A61B79DF4A002AB4C0 /* AppDelegate.m in Sources */,
				33B63B131C33A54000F1CF34 /* TEST2CollectionReusableView.m in Sources */,
				18678F551B79EEDE0062A073 /* CF_CrowdFoundHeaderCell.m in Sources */,
				184130A31B79DF4A002AB4C0 /* main.m in Sources */,
				339E0DE51C1E94AE00035B65 /* HBBaseViewController.m in Sources */,
				33B63B0F1C337AF400F1CF34 /* TestSectionCollectionReusableView.m in Sources */,
				339E0DDF1C1E94AE00035B65 /* CELL_STRUCT_Common.m in Sources */,
				18678F471B79E8240062A073 /* TESTSystyleviewController.m in Sources */,
			);
			runOnlyForDeploymentPostprocessing = 0;
		};
		184130B21B79DF4A002AB4C0 /* Sources */ = {
			isa = PBXSourcesBuildPhase;
			buildActionMask = 2147483647;
			files = (
				184130BD1B79DF4A002AB4C0 /* demoTests.m in Sources */,
			);
			runOnlyForDeploymentPostprocessing = 0;
		};
/* End PBXSourcesBuildPhase section */

/* Begin PBXTargetDependency section */
		184130B81B79DF4A002AB4C0 /* PBXTargetDependency */ = {
			isa = PBXTargetDependency;
			target = 1841309C1B79DF4A002AB4C0 /* demo */;
			targetProxy = 184130B71B79DF4A002AB4C0 /* PBXContainerItemProxy */;
		};
/* End PBXTargetDependency section */

/* Begin PBXVariantGroup section */
		184130AA1B79DF4A002AB4C0 /* Main.storyboard */ = {
			isa = PBXVariantGroup;
			children = (
				184130AB1B79DF4A002AB4C0 /* Base */,
			);
			name = Main.storyboard;
			sourceTree = "<group>";
		};
		184130AF1B79DF4A002AB4C0 /* LaunchScreen.xib */ = {
			isa = PBXVariantGroup;
			children = (
				184130B01B79DF4A002AB4C0 /* Base */,
			);
			name = LaunchScreen.xib;
			sourceTree = "<group>";
		};
/* End PBXVariantGroup section */

/* Begin XCBuildConfiguration section */
		184130BE1B79DF4A002AB4C0 /* Debug */ = {
			isa = XCBuildConfiguration;
			buildSettings = {
				ALWAYS_SEARCH_USER_PATHS = NO;
				CLANG_CXX_LANGUAGE_STANDARD = "gnu++0x";
				CLANG_CXX_LIBRARY = "libc++";
				CLANG_ENABLE_MODULES = YES;
				CLANG_ENABLE_OBJC_ARC = YES;
				CLANG_WARN_BOOL_CONVERSION = YES;
				CLANG_WARN_CONSTANT_CONVERSION = YES;
				CLANG_WARN_DIRECT_OBJC_ISA_USAGE = YES_ERROR;
				CLANG_WARN_EMPTY_BODY = YES;
				CLANG_WARN_ENUM_CONVERSION = YES;
				CLANG_WARN_INT_CONVERSION = YES;
				CLANG_WARN_OBJC_ROOT_CLASS = YES_ERROR;
				CLANG_WARN_UNREACHABLE_CODE = YES;
				CLANG_WARN__DUPLICATE_METHOD_MATCH = YES;
				"CODE_SIGN_IDENTITY[sdk=iphoneos*]" = "iPhone Developer";
				COPY_PHASE_STRIP = NO;
				DEBUG_INFORMATION_FORMAT = "dwarf-with-dsym";
				ENABLE_STRICT_OBJC_MSGSEND = YES;
				GCC_C_LANGUAGE_STANDARD = gnu99;
				GCC_DYNAMIC_NO_PIC = NO;
				GCC_NO_COMMON_BLOCKS = YES;
				GCC_OPTIMIZATION_LEVEL = 0;
				GCC_PREPROCESSOR_DEFINITIONS = (
					"DEBUG=1",
					"$(inherited)",
				);
				GCC_SYMBOLS_PRIVATE_EXTERN = NO;
				GCC_WARN_64_TO_32_BIT_CONVERSION = YES;
				GCC_WARN_ABOUT_RETURN_TYPE = YES_ERROR;
				GCC_WARN_UNDECLARED_SELECTOR = YES;
				GCC_WARN_UNINITIALIZED_AUTOS = YES_AGGRESSIVE;
				GCC_WARN_UNUSED_FUNCTION = YES;
				GCC_WARN_UNUSED_VARIABLE = YES;
				IPHONEOS_DEPLOYMENT_TARGET = 8.4;
				MTL_ENABLE_DEBUG_INFO = YES;
				ONLY_ACTIVE_ARCH = YES;
				SDKROOT = iphoneos;
				TARGETED_DEVICE_FAMILY = "1,2";
			};
			name = Debug;
		};
		184130BF1B79DF4A002AB4C0 /* Release */ = {
			isa = XCBuildConfiguration;
			buildSettings = {
				ALWAYS_SEARCH_USER_PATHS = NO;
				CLANG_CXX_LANGUAGE_STANDARD = "gnu++0x";
				CLANG_CXX_LIBRARY = "libc++";
				CLANG_ENABLE_MODULES = YES;
				CLANG_ENABLE_OBJC_ARC = YES;
				CLANG_WARN_BOOL_CONVERSION = YES;
				CLANG_WARN_CONSTANT_CONVERSION = YES;
				CLANG_WARN_DIRECT_OBJC_ISA_USAGE = YES_ERROR;
				CLANG_WARN_EMPTY_BODY = YES;
				CLANG_WARN_ENUM_CONVERSION = YES;
				CLANG_WARN_INT_CONVERSION = YES;
				CLANG_WARN_OBJC_ROOT_CLASS = YES_ERROR;
				CLANG_WARN_UNREACHABLE_CODE = YES;
				CLANG_WARN__DUPLICATE_METHOD_MATCH = YES;
				"CODE_SIGN_IDENTITY[sdk=iphoneos*]" = "iPhone Developer";
				COPY_PHASE_STRIP = NO;
				DEBUG_INFORMATION_FORMAT = "dwarf-with-dsym";
				ENABLE_NS_ASSERTIONS = NO;
				ENABLE_STRICT_OBJC_MSGSEND = YES;
				GCC_C_LANGUAGE_STANDARD = gnu99;
				GCC_NO_COMMON_BLOCKS = YES;
				GCC_WARN_64_TO_32_BIT_CONVERSION = YES;
				GCC_WARN_ABOUT_RETURN_TYPE = YES_ERROR;
				GCC_WARN_UNDECLARED_SELECTOR = YES;
				GCC_WARN_UNINITIALIZED_AUTOS = YES_AGGRESSIVE;
				GCC_WARN_UNUSED_FUNCTION = YES;
				GCC_WARN_UNUSED_VARIABLE = YES;
				IPHONEOS_DEPLOYMENT_TARGET = 8.4;
				MTL_ENABLE_DEBUG_INFO = NO;
				SDKROOT = iphoneos;
				TARGETED_DEVICE_FAMILY = "1,2";
				VALIDATE_PRODUCT = YES;
			};
			name = Release;
		};
		184130C11B79DF4A002AB4C0 /* Debug */ = {
			isa = XCBuildConfiguration;
			baseConfigurationReference = AA8C334F8F9913F1207427FD /* Pods.debug.xcconfig */;
			buildSettings = {
				ASSETCATALOG_COMPILER_APPICON_NAME = AppIcon;
				INFOPLIST_FILE = demo/Info.plist;
				IPHONEOS_DEPLOYMENT_TARGET = 7.0;
				LD_RUNPATH_SEARCH_PATHS = "$(inherited) @executable_path/Frameworks";
				PRODUCT_NAME = "$(TARGET_NAME)";
			};
			name = Debug;
		};
		184130C21B79DF4A002AB4C0 /* Release */ = {
			isa = XCBuildConfiguration;
			baseConfigurationReference = BAD90533045FAC1328C1175F /* Pods.release.xcconfig */;
			buildSettings = {
				ASSETCATALOG_COMPILER_APPICON_NAME = AppIcon;
				INFOPLIST_FILE = demo/Info.plist;
				IPHONEOS_DEPLOYMENT_TARGET = 7.0;
				LD_RUNPATH_SEARCH_PATHS = "$(inherited) @executable_path/Frameworks";
				PRODUCT_NAME = "$(TARGET_NAME)";
			};
			name = Release;
		};
		184130C41B79DF4A002AB4C0 /* Debug */ = {
			isa = XCBuildConfiguration;
			buildSettings = {
				BUNDLE_LOADER = "$(TEST_HOST)";
				FRAMEWORK_SEARCH_PATHS = (
					"$(SDKROOT)/Developer/Library/Frameworks",
					"$(inherited)",
				);
				GCC_PREPROCESSOR_DEFINITIONS = (
					"DEBUG=1",
					"$(inherited)",
				);
				INFOPLIST_FILE = demoTests/Info.plist;
				LD_RUNPATH_SEARCH_PATHS = "$(inherited) @executable_path/Frameworks @loader_path/Frameworks";
				PRODUCT_NAME = "$(TARGET_NAME)";
				TEST_HOST = "$(BUILT_PRODUCTS_DIR)/demo.app/demo";
			};
			name = Debug;
		};
		184130C51B79DF4A002AB4C0 /* Release */ = {
			isa = XCBuildConfiguration;
			buildSettings = {
				BUNDLE_LOADER = "$(TEST_HOST)";
				FRAMEWORK_SEARCH_PATHS = (
					"$(SDKROOT)/Developer/Library/Frameworks",
					"$(inherited)",
				);
				INFOPLIST_FILE = demoTests/Info.plist;
				LD_RUNPATH_SEARCH_PATHS = "$(inherited) @executable_path/Frameworks @loader_path/Frameworks";
				PRODUCT_NAME = "$(TARGET_NAME)";
				TEST_HOST = "$(BUILT_PRODUCTS_DIR)/demo.app/demo";
			};
			name = Release;
		};
/* End XCBuildConfiguration section */

/* Begin XCConfigurationList section */
		184130981B79DF49002AB4C0 /* Build configuration list for PBXProject "demo" */ = {
			isa = XCConfigurationList;
			buildConfigurations = (
				184130BE1B79DF4A002AB4C0 /* Debug */,
				184130BF1B79DF4A002AB4C0 /* Release */,
			);
			defaultConfigurationIsVisible = 0;
			defaultConfigurationName = Release;
		};
		184130C01B79DF4A002AB4C0 /* Build configuration list for PBXNativeTarget "demo" */ = {
			isa = XCConfigurationList;
			buildConfigurations = (
				184130C11B79DF4A002AB4C0 /* Debug */,
				184130C21B79DF4A002AB4C0 /* Release */,
			);
			defaultConfigurationIsVisible = 0;
			defaultConfigurationName = Release;
		};
		184130C31B79DF4A002AB4C0 /* Build configuration list for PBXNativeTarget "demoTests" */ = {
			isa = XCConfigurationList;
			buildConfigurations = (
				184130C41B79DF4A002AB4C0 /* Debug */,
				184130C51B79DF4A002AB4C0 /* Release */,
			);
			defaultConfigurationIsVisible = 0;
			defaultConfigurationName = Release;
		};
/* End XCConfigurationList section */
	};
	rootObject = 184130951B79DF49002AB4C0 /* Project object */;
}
