// !$*UTF8*$!
{
	archiveVersion = 1;
	classes = {
	};
	objectVersion = 46;
	objects = {

/* Begin PBXBuildFile section */
		786FE8DE1B760F37005F98B2 /* main.m in Sources */ = {isa = PBXBuildFile; fileRef = 786FE8DD1B760F37005F98B2 /* main.m */; };
		786FE8E11B760F37005F98B2 /* AppDelegate.m in Sources */ = {isa = PBXBuildFile; fileRef = 786FE8E01B760F37005F98B2 /* AppDelegate.m */; };
		786FE8E41B760F37005F98B2 /* ViewController.m in Sources */ = {isa = PBXBuildFile; fileRef = 786FE8E31B760F37005F98B2 /* ViewController.m */; };
		786FE8E71B760F37005F98B2 /* Main.storyboard in Resources */ = {isa = PBXBuildFile; fileRef = 786FE8E51B760F37005F98B2 /* Main.storyboard */; };
		786FE8E91B760F37005F98B2 /* Images.xcassets in Resources */ = {isa = PBXBuildFile; fileRef = 786FE8E81B760F37005F98B2 /* Images.xcassets */; };
		786FE8EC1B760F37005F98B2 /* LaunchScreen.xib in Resources */ = {isa = PBXBuildFile; fileRef = 786FE8EA1B760F37005F98B2 /* LaunchScreen.xib */; };
		786FE8F81B760F37005F98B2 /* ProtocolDemoTests.m in Sources */ = {isa = PBXBuildFile; fileRef = 786FE8F71B760F37005F98B2 /* ProtocolDemoTests.m */; };
		786FE92F1B761DD8005F98B2 /* CELL_STRUCT.m in Sources */ = {isa = PBXBuildFile; fileRef = 786FE9211B761DD8005F98B2 /* CELL_STRUCT.m */; };
		786FE9301B761DD8005F98B2 /* CELL_STRUCT_Common.m in Sources */ = {isa = PBXBuildFile; fileRef = 786FE9231B761DD8005F98B2 /* CELL_STRUCT_Common.m */; };
		786FE9311B761DD8005F98B2 /* CELL_STRUCT_KVO.m in Sources */ = {isa = PBXBuildFile; fileRef = 786FE9261B761DD8005F98B2 /* CELL_STRUCT_KVO.m */; };
		786FE9321B761DD8005F98B2 /* HB_BaseTableViewCell.m in Sources */ = {isa = PBXBuildFile; fileRef = 786FE9281B761DD8005F98B2 /* HB_BaseTableViewCell.m */; };
		786FE9331B761DD8005F98B2 /* HB_BaseTableViewController.m in Sources */ = {isa = PBXBuildFile; fileRef = 786FE92A1B761DD8005F98B2 /* HB_BaseTableViewController.m */; };
		786FE9341B761DD8005F98B2 /* HB_BaseViewController.m in Sources */ = {isa = PBXBuildFile; fileRef = 786FE92C1B761DD8005F98B2 /* HB_BaseViewController.m */; };
		786FE9351B761DD8005F98B2 /* UIButton+PENG.m in Sources */ = {isa = PBXBuildFile; fileRef = 786FE92E1B761DD8005F98B2 /* UIButton+PENG.m */; };
		A04766D5754C254C33AFBD39 /* libPods.a in Frameworks */ = {isa = PBXBuildFile; fileRef = 4CB484CED3ECA2940D811C93 /* libPods.a */; };
/* End PBXBuildFile section */

/* Begin PBXContainerItemProxy section */
		786FE8F21B760F37005F98B2 /* PBXContainerItemProxy */ = {
			isa = PBXContainerItemProxy;
			containerPortal = 786FE8D01B760F37005F98B2 /* Project object */;
			proxyType = 1;
			remoteGlobalIDString = 786FE8D71B760F37005F98B2;
			remoteInfo = ProtocolDemo;
		};
/* End PBXContainerItemProxy section */

/* Begin PBXFileReference section */
		4CB484CED3ECA2940D811C93 /* libPods.a */ = {isa = PBXFileReference; explicitFileType = archive.ar; includeInIndex = 0; path = libPods.a; sourceTree = BUILT_PRODUCTS_DIR; };
		786FE8D81B760F37005F98B2 /* HBFastTableViewController.app */ = {isa = PBXFileReference; explicitFileType = wrapper.application; includeInIndex = 0; path = HBFastTableViewController.app; sourceTree = BUILT_PRODUCTS_DIR; };
		786FE8DC1B760F37005F98B2 /* Info.plist */ = {isa = PBXFileReference; lastKnownFileType = text.plist.xml; path = Info.plist; sourceTree = "<group>"; };
		786FE8DD1B760F37005F98B2 /* main.m */ = {isa = PBXFileReference; lastKnownFileType = sourcecode.c.objc; path = main.m; sourceTree = "<group>"; };
		786FE8DF1B760F37005F98B2 /* AppDelegate.h */ = {isa = PBXFileReference; lastKnownFileType = sourcecode.c.h; path = AppDelegate.h; sourceTree = "<group>"; };
		786FE8E01B760F37005F98B2 /* AppDelegate.m */ = {isa = PBXFileReference; lastKnownFileType = sourcecode.c.objc; path = AppDelegate.m; sourceTree = "<group>"; };
		786FE8E21B760F37005F98B2 /* ViewController.h */ = {isa = PBXFileReference; lastKnownFileType = sourcecode.c.h; path = ViewController.h; sourceTree = "<group>"; };
		786FE8E31B760F37005F98B2 /* ViewController.m */ = {isa = PBXFileReference; lastKnownFileType = sourcecode.c.objc; path = ViewController.m; sourceTree = "<group>"; };
		786FE8E61B760F37005F98B2 /* Base */ = {isa = PBXFileReference; lastKnownFileType = file.storyboard; name = Base; path = Base.lproj/Main.storyboard; sourceTree = "<group>"; };
		786FE8E81B760F37005F98B2 /* Images.xcassets */ = {isa = PBXFileReference; lastKnownFileType = folder.assetcatalog; path = Images.xcassets; sourceTree = "<group>"; };
		786FE8EB1B760F37005F98B2 /* Base */ = {isa = PBXFileReference; lastKnownFileType = file.xib; name = Base; path = Base.lproj/LaunchScreen.xib; sourceTree = "<group>"; };
		786FE8F11B760F37005F98B2 /* HBFastTableViewControllerTests.xctest */ = {isa = PBXFileReference; explicitFileType = wrapper.cfbundle; includeInIndex = 0; path = HBFastTableViewControllerTests.xctest; sourceTree = BUILT_PRODUCTS_DIR; };
		786FE8F61B760F37005F98B2 /* Info.plist */ = {isa = PBXFileReference; lastKnownFileType = text.plist.xml; path = Info.plist; sourceTree = "<group>"; };
		786FE8F71B760F37005F98B2 /* ProtocolDemoTests.m */ = {isa = PBXFileReference; lastKnownFileType = sourcecode.c.objc; path = ProtocolDemoTests.m; sourceTree = "<group>"; };
		786FE9201B761DD8005F98B2 /* CELL_STRUCT.h */ = {isa = PBXFileReference; fileEncoding = 4; lastKnownFileType = sourcecode.c.h; path = CELL_STRUCT.h; sourceTree = "<group>"; };
		786FE9211B761DD8005F98B2 /* CELL_STRUCT.m */ = {isa = PBXFileReference; fileEncoding = 4; lastKnownFileType = sourcecode.c.objc; path = CELL_STRUCT.m; sourceTree = "<group>"; };
		786FE9221B761DD8005F98B2 /* CELL_STRUCT_Common.h */ = {isa = PBXFileReference; fileEncoding = 4; lastKnownFileType = sourcecode.c.h; path = CELL_STRUCT_Common.h; sourceTree = "<group>"; };
		786FE9231B761DD8005F98B2 /* CELL_STRUCT_Common.m */ = {isa = PBXFileReference; fileEncoding = 4; lastKnownFileType = sourcecode.c.objc; path = CELL_STRUCT_Common.m; sourceTree = "<group>"; };
		786FE9241B761DD8005F98B2 /* CELL_STRUCT_KEY.h */ = {isa = PBXFileReference; fileEncoding = 4; lastKnownFileType = sourcecode.c.h; path = CELL_STRUCT_KEY.h; sourceTree = "<group>"; };
		786FE9251B761DD8005F98B2 /* CELL_STRUCT_KVO.h */ = {isa = PBXFileReference; fileEncoding = 4; lastKnownFileType = sourcecode.c.h; path = CELL_STRUCT_KVO.h; sourceTree = "<group>"; };
		786FE9261B761DD8005F98B2 /* CELL_STRUCT_KVO.m */ = {isa = PBXFileReference; fileEncoding = 4; lastKnownFileType = sourcecode.c.objc; path = CELL_STRUCT_KVO.m; sourceTree = "<group>"; };
		786FE9271B761DD8005F98B2 /* HB_BaseTableViewCell.h */ = {isa = PBXFileReference; fileEncoding = 4; lastKnownFileType = sourcecode.c.h; path = HB_BaseTableViewCell.h; sourceTree = "<group>"; };
		786FE9281B761DD8005F98B2 /* HB_BaseTableViewCell.m */ = {isa = PBXFileReference; fileEncoding = 4; lastKnownFileType = sourcecode.c.objc; path = HB_BaseTableViewCell.m; sourceTree = "<group>"; };
		786FE9291B761DD8005F98B2 /* HB_BaseTableViewController.h */ = {isa = PBXFileReference; fileEncoding = 4; lastKnownFileType = sourcecode.c.h; path = HB_BaseTableViewController.h; sourceTree = "<group>"; };
		786FE92A1B761DD8005F98B2 /* HB_BaseTableViewController.m */ = {isa = PBXFileReference; fileEncoding = 4; lastKnownFileType = sourcecode.c.objc; path = HB_BaseTableViewController.m; sourceTree = "<group>"; };
		786FE92B1B761DD8005F98B2 /* HB_BaseViewController.h */ = {isa = PBXFileReference; fileEncoding = 4; lastKnownFileType = sourcecode.c.h; path = HB_BaseViewController.h; sourceTree = "<group>"; };
		786FE92C1B761DD8005F98B2 /* HB_BaseViewController.m */ = {isa = PBXFileReference; fileEncoding = 4; lastKnownFileType = sourcecode.c.objc; path = HB_BaseViewController.m; sourceTree = "<group>"; };
		786FE92D1B761DD8005F98B2 /* UIButton+PENG.h */ = {isa = PBXFileReference; fileEncoding = 4; lastKnownFileType = sourcecode.c.h; path = "UIButton+PENG.h"; sourceTree = "<group>"; };
		786FE92E1B761DD8005F98B2 /* UIButton+PENG.m */ = {isa = PBXFileReference; fileEncoding = 4; lastKnownFileType = sourcecode.c.objc; path = "UIButton+PENG.m"; sourceTree = "<group>"; };
		96158CE9C07CB79861BDDC09 /* Pods.debug.xcconfig */ = {isa = PBXFileReference; includeInIndex = 1; lastKnownFileType = text.xcconfig; name = Pods.debug.xcconfig; path = "Pods/Target Support Files/Pods/Pods.debug.xcconfig"; sourceTree = "<group>"; };
		9D9B68511338155C9964E496 /* Pods.release.xcconfig */ = {isa = PBXFileReference; includeInIndex = 1; lastKnownFileType = text.xcconfig; name = Pods.release.xcconfig; path = "Pods/Target Support Files/Pods/Pods.release.xcconfig"; sourceTree = "<group>"; };
/* End PBXFileReference section */

/* Begin PBXFrameworksBuildPhase section */
		786FE8D51B760F37005F98B2 /* Frameworks */ = {
			isa = PBXFrameworksBuildPhase;
			buildActionMask = 2147483647;
			files = (
				A04766D5754C254C33AFBD39 /* libPods.a in Frameworks */,
			);
			runOnlyForDeploymentPostprocessing = 0;
		};
		786FE8EE1B760F37005F98B2 /* Frameworks */ = {
			isa = PBXFrameworksBuildPhase;
			buildActionMask = 2147483647;
			files = (
			);
			runOnlyForDeploymentPostprocessing = 0;
		};
/* End PBXFrameworksBuildPhase section */

/* Begin PBXGroup section */
		5E8975DF77CE3A7EDC0D4138 /* Frameworks */ = {
			isa = PBXGroup;
			children = (
				4CB484CED3ECA2940D811C93 /* libPods.a */,
			);
			name = Frameworks;
			sourceTree = "<group>";
		};
		786FE8CF1B760F37005F98B2 = {
			isa = PBXGroup;
			children = (
				786FE8DA1B760F37005F98B2 /* ProtocolDemo */,
				786FE8F41B760F37005F98B2 /* ProtocolDemoTests */,
				786FE8D91B760F37005F98B2 /* Products */,
				E19217CE4ED37087FE4E431A /* Pods */,
				5E8975DF77CE3A7EDC0D4138 /* Frameworks */,
			);
			sourceTree = "<group>";
		};
		786FE8D91B760F37005F98B2 /* Products */ = {
			isa = PBXGroup;
			children = (
				786FE8D81B760F37005F98B2 /* HBFastTableViewController.app */,
				786FE8F11B760F37005F98B2 /* HBFastTableViewControllerTests.xctest */,
			);
			name = Products;
			sourceTree = "<group>";
		};
		786FE8DA1B760F37005F98B2 /* ProtocolDemo */ = {
			isa = PBXGroup;
			children = (
				786FE91F1B761DD8005F98B2 /* HBBaseTableViewController */,
				786FE8DF1B760F37005F98B2 /* AppDelegate.h */,
				786FE8E01B760F37005F98B2 /* AppDelegate.m */,
				786FE8E21B760F37005F98B2 /* ViewController.h */,
				786FE8E31B760F37005F98B2 /* ViewController.m */,
				786FE8E51B760F37005F98B2 /* Main.storyboard */,
				786FE8E81B760F37005F98B2 /* Images.xcassets */,
				786FE8EA1B760F37005F98B2 /* LaunchScreen.xib */,
				786FE8DB1B760F37005F98B2 /* Supporting Files */,
			);
			path = ProtocolDemo;
			sourceTree = "<group>";
		};
		786FE8DB1B760F37005F98B2 /* Supporting Files */ = {
			isa = PBXGroup;
			children = (
				786FE8DC1B760F37005F98B2 /* Info.plist */,
				786FE8DD1B760F37005F98B2 /* main.m */,
			);
			name = "Supporting Files";
			sourceTree = "<group>";
		};
		786FE8F41B760F37005F98B2 /* ProtocolDemoTests */ = {
			isa = PBXGroup;
			children = (
				786FE8F71B760F37005F98B2 /* ProtocolDemoTests.m */,
				786FE8F51B760F37005F98B2 /* Supporting Files */,
			);
			path = ProtocolDemoTests;
			sourceTree = "<group>";
		};
		786FE8F51B760F37005F98B2 /* Supporting Files */ = {
			isa = PBXGroup;
			children = (
				786FE8F61B760F37005F98B2 /* Info.plist */,
			);
			name = "Supporting Files";
			sourceTree = "<group>";
		};
		786FE91F1B761DD8005F98B2 /* HBBaseTableViewController */ = {
			isa = PBXGroup;
			children = (
				786FE9201B761DD8005F98B2 /* CELL_STRUCT.h */,
				786FE9211B761DD8005F98B2 /* CELL_STRUCT.m */,
				786FE9221B761DD8005F98B2 /* CELL_STRUCT_Common.h */,
				786FE9231B761DD8005F98B2 /* CELL_STRUCT_Common.m */,
				786FE9241B761DD8005F98B2 /* CELL_STRUCT_KEY.h */,
				786FE9251B761DD8005F98B2 /* CELL_STRUCT_KVO.h */,
				786FE9261B761DD8005F98B2 /* CELL_STRUCT_KVO.m */,
				786FE9271B761DD8005F98B2 /* HB_BaseTableViewCell.h */,
				786FE9281B761DD8005F98B2 /* HB_BaseTableViewCell.m */,
				786FE9291B761DD8005F98B2 /* HB_BaseTableViewController.h */,
				786FE92A1B761DD8005F98B2 /* HB_BaseTableViewController.m */,
				786FE92B1B761DD8005F98B2 /* HB_BaseViewController.h */,
				786FE92C1B761DD8005F98B2 /* HB_BaseViewController.m */,
				786FE92D1B761DD8005F98B2 /* UIButton+PENG.h */,
				786FE92E1B761DD8005F98B2 /* UIButton+PENG.m */,
			);
			path = HBBaseTableViewController;
			sourceTree = "<group>";
		};
		E19217CE4ED37087FE4E431A /* Pods */ = {
			isa = PBXGroup;
			children = (
				96158CE9C07CB79861BDDC09 /* Pods.debug.xcconfig */,
				9D9B68511338155C9964E496 /* Pods.release.xcconfig */,
			);
			name = Pods;
			sourceTree = "<group>";
		};
/* End PBXGroup section */

/* Begin PBXNativeTarget section */
		786FE8D71B760F37005F98B2 /* HBFastTableViewController */ = {
			isa = PBXNativeTarget;
			buildConfigurationList = 786FE8FB1B760F37005F98B2 /* Build configuration list for PBXNativeTarget "HBFastTableViewController" */;
			buildPhases = (
				34DBEF1955F7E4670587AB95 /* Check Pods Manifest.lock */,
				786FE8D41B760F37005F98B2 /* Sources */,
				786FE8D51B760F37005F98B2 /* Frameworks */,
				786FE8D61B760F37005F98B2 /* Resources */,
				2E2284D596DD578BF7DBFF16 /* Copy Pods Resources */,
			);
			buildRules = (
			);
			dependencies = (
			);
			name = HBFastTableViewController;
			productName = ProtocolDemo;
			productReference = 786FE8D81B760F37005F98B2 /* HBFastTableViewController.app */;
			productType = "com.apple.product-type.application";
		};
		786FE8F01B760F37005F98B2 /* HBFastTableViewControllerTests */ = {
			isa = PBXNativeTarget;
			buildConfigurationList = 786FE8FE1B760F37005F98B2 /* Build configuration list for PBXNativeTarget "HBFastTableViewControllerTests" */;
			buildPhases = (
				786FE8ED1B760F37005F98B2 /* Sources */,
				786FE8EE1B760F37005F98B2 /* Frameworks */,
				786FE8EF1B760F37005F98B2 /* Resources */,
			);
			buildRules = (
			);
			dependencies = (
				786FE8F31B760F37005F98B2 /* PBXTargetDependency */,
			);
			name = HBFastTableViewControllerTests;
			productName = ProtocolDemoTests;
			productReference = 786FE8F11B760F37005F98B2 /* HBFastTableViewControllerTests.xctest */;
			productType = "com.apple.product-type.bundle.unit-test";
		};
/* End PBXNativeTarget section */

/* Begin PBXProject section */
		786FE8D01B760F37005F98B2 /* Project object */ = {
			isa = PBXProject;
			attributes = {
				LastUpgradeCheck = 0620;
				ORGANIZATIONNAME = BooB;
				TargetAttributes = {
					786FE8D71B760F37005F98B2 = {
						CreatedOnToolsVersion = 6.2;
					};
					786FE8F01B760F37005F98B2 = {
						CreatedOnToolsVersion = 6.2;
						TestTargetID = 786FE8D71B760F37005F98B2;
					};
				};
			};
			buildConfigurationList = 786FE8D31B760F37005F98B2 /* Build configuration list for PBXProject "HBFastTableViewController" */;
			compatibilityVersion = "Xcode 3.2";
			developmentRegion = English;
			hasScannedForEncodings = 0;
			knownRegions = (
				en,
				Base,
			);
			mainGroup = 786FE8CF1B760F37005F98B2;
			productRefGroup = 786FE8D91B760F37005F98B2 /* Products */;
			projectDirPath = "";
			projectRoot = "";
			targets = (
				786FE8D71B760F37005F98B2 /* HBFastTableViewController */,
				786FE8F01B760F37005F98B2 /* HBFastTableViewControllerTests */,
			);
		};
/* End PBXProject section */

/* Begin PBXResourcesBuildPhase section */
		786FE8D61B760F37005F98B2 /* Resources */ = {
			isa = PBXResourcesBuildPhase;
			buildActionMask = 2147483647;
			files = (
				786FE8E71B760F37005F98B2 /* Main.storyboard in Resources */,
				786FE8EC1B760F37005F98B2 /* LaunchScreen.xib in Resources */,
				786FE8E91B760F37005F98B2 /* Images.xcassets in Resources */,
			);
			runOnlyForDeploymentPostprocessing = 0;
		};
		786FE8EF1B760F37005F98B2 /* Resources */ = {
			isa = PBXResourcesBuildPhase;
			buildActionMask = 2147483647;
			files = (
			);
			runOnlyForDeploymentPostprocessing = 0;
		};
/* End PBXResourcesBuildPhase section */

/* Begin PBXShellScriptBuildPhase section */
		2E2284D596DD578BF7DBFF16 /* Copy Pods Resources */ = {
			isa = PBXShellScriptBuildPhase;
			buildActionMask = 2147483647;
			files = (
			);
			inputPaths = (
			);
			name = "Copy Pods Resources";
			outputPaths = (
			);
			runOnlyForDeploymentPostprocessing = 0;
			shellPath = /bin/sh;
			shellScript = "\"${SRCROOT}/Pods/Target Support Files/Pods/Pods-resources.sh\"\n";
			showEnvVarsInLog = 0;
		};
		34DBEF1955F7E4670587AB95 /* Check Pods Manifest.lock */ = {
			isa = PBXShellScriptBuildPhase;
			buildActionMask = 2147483647;
			files = (
			);
			inputPaths = (
			);
			name = "Check Pods Manifest.lock";
			outputPaths = (
			);
			runOnlyForDeploymentPostprocessing = 0;
			shellPath = /bin/sh;
			shellScript = "diff \"${PODS_ROOT}/../Podfile.lock\" \"${PODS_ROOT}/Manifest.lock\" > /dev/null\nif [[ $? != 0 ]] ; then\n    cat << EOM\nerror: The sandbox is not in sync with the Podfile.lock. Run 'pod install' or update your CocoaPods installation.\nEOM\n    exit 1\nfi\n";
			showEnvVarsInLog = 0;
		};
/* End PBXShellScriptBuildPhase section */

/* Begin PBXSourcesBuildPhase section */
		786FE8D41B760F37005F98B2 /* Sources */ = {
			isa = PBXSourcesBuildPhase;
			buildActionMask = 2147483647;
			files = (
				786FE9331B761DD8005F98B2 /* HB_BaseTableViewController.m in Sources */,
				786FE9341B761DD8005F98B2 /* HB_BaseViewController.m in Sources */,
				786FE9351B761DD8005F98B2 /* UIButton+PENG.m in Sources */,
				786FE9311B761DD8005F98B2 /* CELL_STRUCT_KVO.m in Sources */,
				786FE8E41B760F37005F98B2 /* ViewController.m in Sources */,
				786FE9321B761DD8005F98B2 /* HB_BaseTableViewCell.m in Sources */,
				786FE92F1B761DD8005F98B2 /* CELL_STRUCT.m in Sources */,
				786FE8E11B760F37005F98B2 /* AppDelegate.m in Sources */,
				786FE8DE1B760F37005F98B2 /* main.m in Sources */,
				786FE9301B761DD8005F98B2 /* CELL_STRUCT_Common.m in Sources */,
			);
			runOnlyForDeploymentPostprocessing = 0;
		};
		786FE8ED1B760F37005F98B2 /* Sources */ = {
			isa = PBXSourcesBuildPhase;
			buildActionMask = 2147483647;
			files = (
				786FE8F81B760F37005F98B2 /* ProtocolDemoTests.m in Sources */,
			);
			runOnlyForDeploymentPostprocessing = 0;
		};
/* End PBXSourcesBuildPhase section */

/* Begin PBXTargetDependency section */
		786FE8F31B760F37005F98B2 /* PBXTargetDependency */ = {
			isa = PBXTargetDependency;
			target = 786FE8D71B760F37005F98B2 /* HBFastTableViewController */;
			targetProxy = 786FE8F21B760F37005F98B2 /* PBXContainerItemProxy */;
		};
/* End PBXTargetDependency section */

/* Begin PBXVariantGroup section */
		786FE8E51B760F37005F98B2 /* Main.storyboard */ = {
			isa = PBXVariantGroup;
			children = (
				786FE8E61B760F37005F98B2 /* Base */,
			);
			name = Main.storyboard;
			sourceTree = "<group>";
		};
		786FE8EA1B760F37005F98B2 /* LaunchScreen.xib */ = {
			isa = PBXVariantGroup;
			children = (
				786FE8EB1B760F37005F98B2 /* Base */,
			);
			name = LaunchScreen.xib;
			sourceTree = "<group>";
		};
/* End PBXVariantGroup section */

/* Begin XCBuildConfiguration section */
		786FE8F91B760F37005F98B2 /* Debug */ = {
			isa = XCBuildConfiguration;
			buildSettings = {
				ALWAYS_SEARCH_USER_PATHS = NO;
				CLANG_CXX_LANGUAGE_STANDARD = "gnu++0x";
				CLANG_CXX_LIBRARY = "libc++";
				CLANG_ENABLE_MODULES = YES;
				CLANG_ENABLE_OBJC_ARC = YES;
				CLANG_WARN_BOOL_CONVERSION = YES;
				CLANG_WARN_CONSTANT_CONVERSION = YES;
				CLANG_WARN_DIRECT_OBJC_ISA_USAGE = YES_ERROR;
				CLANG_WARN_EMPTY_BODY = YES;
				CLANG_WARN_ENUM_CONVERSION = YES;
				CLANG_WARN_INT_CONVERSION = YES;
				CLANG_WARN_OBJC_ROOT_CLASS = YES_ERROR;
				CLANG_WARN_UNREACHABLE_CODE = YES;
				CLANG_WARN__DUPLICATE_METHOD_MATCH = YES;
				"CODE_SIGN_IDENTITY[sdk=iphoneos*]" = "iPhone Developer";
				COPY_PHASE_STRIP = NO;
				ENABLE_STRICT_OBJC_MSGSEND = YES;
				GCC_C_LANGUAGE_STANDARD = gnu99;
				GCC_DYNAMIC_NO_PIC = NO;
				GCC_OPTIMIZATION_LEVEL = 0;
				GCC_PREPROCESSOR_DEFINITIONS = (
					"DEBUG=1",
					"$(inherited)",
				);
				GCC_SYMBOLS_PRIVATE_EXTERN = NO;
				GCC_WARN_64_TO_32_BIT_CONVERSION = YES;
				GCC_WARN_ABOUT_RETURN_TYPE = YES_ERROR;
				GCC_WARN_UNDECLARED_SELECTOR = YES;
				GCC_WARN_UNINITIALIZED_AUTOS = YES_AGGRESSIVE;
				GCC_WARN_UNUSED_FUNCTION = YES;
				GCC_WARN_UNUSED_VARIABLE = YES;
				IPHONEOS_DEPLOYMENT_TARGET = 8.2;
				MTL_ENABLE_DEBUG_INFO = YES;
				ONLY_ACTIVE_ARCH = YES;
				SDKROOT = iphoneos;
				TARGETED_DEVICE_FAMILY = "1,2";
			};
			name = Debug;
		};
		786FE8FA1B760F37005F98B2 /* Release */ = {
			isa = XCBuildConfiguration;
			buildSettings = {
				ALWAYS_SEARCH_USER_PATHS = NO;
				CLANG_CXX_LANGUAGE_STANDARD = "gnu++0x";
				CLANG_CXX_LIBRARY = "libc++";
				CLANG_ENABLE_MODULES = YES;
				CLANG_ENABLE_OBJC_ARC = YES;
				CLANG_WARN_BOOL_CONVERSION = YES;
				CLANG_WARN_CONSTANT_CONVERSION = YES;
				CLANG_WARN_DIRECT_OBJC_ISA_USAGE = YES_ERROR;
				CLANG_WARN_EMPTY_BODY = YES;
				CLANG_WARN_ENUM_CONVERSION = YES;
				CLANG_WARN_INT_CONVERSION = YES;
				CLANG_WARN_OBJC_ROOT_CLASS = YES_ERROR;
				CLANG_WARN_UNREACHABLE_CODE = YES;
				CLANG_WARN__DUPLICATE_METHOD_MATCH = YES;
				"CODE_SIGN_IDENTITY[sdk=iphoneos*]" = "iPhone Developer";
				COPY_PHASE_STRIP = NO;
				ENABLE_NS_ASSERTIONS = NO;
				ENABLE_STRICT_OBJC_MSGSEND = YES;
				GCC_C_LANGUAGE_STANDARD = gnu99;
				GCC_WARN_64_TO_32_BIT_CONVERSION = YES;
				GCC_WARN_ABOUT_RETURN_TYPE = YES_ERROR;
				GCC_WARN_UNDECLARED_SELECTOR = YES;
				GCC_WARN_UNINITIALIZED_AUTOS = YES_AGGRESSIVE;
				GCC_WARN_UNUSED_FUNCTION = YES;
				GCC_WARN_UNUSED_VARIABLE = YES;
				IPHONEOS_DEPLOYMENT_TARGET = 8.2;
				MTL_ENABLE_DEBUG_INFO = NO;
				SDKROOT = iphoneos;
				TARGETED_DEVICE_FAMILY = "1,2";
				VALIDATE_PRODUCT = YES;
			};
			name = Release;
		};
		786FE8FC1B760F37005F98B2 /* Debug */ = {
			isa = XCBuildConfiguration;
			baseConfigurationReference = 96158CE9C07CB79861BDDC09 /* Pods.debug.xcconfig */;
			buildSettings = {
				ASSETCATALOG_COMPILER_APPICON_NAME = AppIcon;
				INFOPLIST_FILE = ProtocolDemo/Info.plist;
				IPHONEOS_DEPLOYMENT_TARGET = 6.0;
				LD_RUNPATH_SEARCH_PATHS = "$(inherited) @executable_path/Frameworks";
				PRODUCT_NAME = HBFastTableViewController;
			};
			name = Debug;
		};
		786FE8FD1B760F37005F98B2 /* Release */ = {
			isa = XCBuildConfiguration;
			baseConfigurationReference = 9D9B68511338155C9964E496 /* Pods.release.xcconfig */;
			buildSettings = {
				ASSETCATALOG_COMPILER_APPICON_NAME = AppIcon;
				INFOPLIST_FILE = ProtocolDemo/Info.plist;
				IPHONEOS_DEPLOYMENT_TARGET = 6.0;
				LD_RUNPATH_SEARCH_PATHS = "$(inherited) @executable_path/Frameworks";
				PRODUCT_NAME = HBFastTableViewController;
			};
			name = Release;
		};
		786FE8FF1B760F37005F98B2 /* Debug */ = {
			isa = XCBuildConfiguration;
			buildSettings = {
				BUNDLE_LOADER = "$(TEST_HOST)";
				FRAMEWORK_SEARCH_PATHS = (
					"$(SDKROOT)/Developer/Library/Frameworks",
					"$(inherited)",
				);
				GCC_PREPROCESSOR_DEFINITIONS = (
					"DEBUG=1",
					"$(inherited)",
				);
				INFOPLIST_FILE = ProtocolDemoTests/Info.plist;
				LD_RUNPATH_SEARCH_PATHS = "$(inherited) @executable_path/Frameworks @loader_path/Frameworks";
				PRODUCT_NAME = HBFastTableViewControllerTests;
				TEST_HOST = "$(BUILT_PRODUCTS_DIR)/ProtocolDemo.app/ProtocolDemo";
			};
			name = Debug;
		};
		786FE9001B760F37005F98B2 /* Release */ = {
			isa = XCBuildConfiguration;
			buildSettings = {
				BUNDLE_LOADER = "$(TEST_HOST)";
				FRAMEWORK_SEARCH_PATHS = (
					"$(SDKROOT)/Developer/Library/Frameworks",
					"$(inherited)",
				);
				INFOPLIST_FILE = ProtocolDemoTests/Info.plist;
				LD_RUNPATH_SEARCH_PATHS = "$(inherited) @executable_path/Frameworks @loader_path/Frameworks";
				PRODUCT_NAME = HBFastTableViewControllerTests;
				TEST_HOST = "$(BUILT_PRODUCTS_DIR)/ProtocolDemo.app/ProtocolDemo";
			};
			name = Release;
		};
/* End XCBuildConfiguration section */

/* Begin XCConfigurationList section */
		786FE8D31B760F37005F98B2 /* Build configuration list for PBXProject "HBFastTableViewController" */ = {
			isa = XCConfigurationList;
			buildConfigurations = (
				786FE8F91B760F37005F98B2 /* Debug */,
				786FE8FA1B760F37005F98B2 /* Release */,
			);
			defaultConfigurationIsVisible = 0;
			defaultConfigurationName = Release;
		};
		786FE8FB1B760F37005F98B2 /* Build configuration list for PBXNativeTarget "HBFastTableViewController" */ = {
			isa = XCConfigurationList;
			buildConfigurations = (
				786FE8FC1B760F37005F98B2 /* Debug */,
				786FE8FD1B760F37005F98B2 /* Release */,
			);
			defaultConfigurationIsVisible = 0;
			defaultConfigurationName = Release;
		};
		786FE8FE1B760F37005F98B2 /* Build configuration list for PBXNativeTarget "HBFastTableViewControllerTests" */ = {
			isa = XCConfigurationList;
			buildConfigurations = (
				786FE8FF1B760F37005F98B2 /* Debug */,
				786FE9001B760F37005F98B2 /* Release */,
			);
			defaultConfigurationIsVisible = 0;
			defaultConfigurationName = Release;
		};
/* End XCConfigurationList section */
	};
	rootObject = 786FE8D01B760F37005F98B2 /* Project object */;
}
